dependencies:
- name: postgresql
  repository: https://charts.bitnami.com/bitnami
  version: 4.2.2
- name: redis
  repository: https://charts.bitnami.com/bitnami
  version: 7.1.1
digest: sha256:763f9f8f942c9158213daf0b6df0e3c3ed088d0592c292f3c6ca25d7043d6ba7
generated: "2021-01-15T13:56:45.134346201+07:00"
